
Microsoft Visual Studio Solution File, Format Version 12.00
# Visual Studio 2012
Project("{FAE04EC0-301F-11D3-BF4B-00C04F79EFBC}") = "MessageSerializable", "MessageSerializable\MessageSerializable.csproj", "{DA09F483-3F0F-45BC-B9F8-774F17DB2211}"
EndProject
Global
	GlobalSection(SolutionConfigurationPlatforms) = preSolution
		Debug|Any CPU = Debug|Any CPU
		Release|Any CPU = Release|Any CPU
	EndGlobalSection
	GlobalSection(ProjectConfigurationPlatforms) = postSolution
		{DA09F483-3F0F-45BC-B9F8-774F17DB2211}.Debug|Any CPU.ActiveCfg = Debug|Any CPU
		{DA09F483-3F0F-45BC-B9F8-774F17DB2211}.Debug|Any CPU.Build.0 = Debug|Any CPU
		{DA09F483-3F0F-45BC-B9F8-774F17DB2211}.Release|Any CPU.ActiveCfg = Release|Any CPU
		{DA09F483-3F0F-45BC-B9F8-774F17DB2211}.Release|Any CPU.Build.0 = Release|Any CPU
	EndGlobalSection
	GlobalSection(SolutionProperties) = preSolution
		HideSolutionNode = FALSE
	EndGlobalSection
EndGlobal
